// !$*UTF8*$!
{
	archiveVersion = 1;
	classes = {
	};
	objectVersion = 56;
	objects = {

/* Begin PBXBuildFile section */
		CB4A4BA32B708DB100B62423 /* AppDelegate.swift in Sources */ = {isa = PBXBuildFile; fileRef = CB4A4BA22B708DB100B62423 /* AppDelegate.swift */; };
		CB4A4BA52B708DB100B62423 /* SceneDelegate.swift in Sources */ = {isa = PBXBuildFile; fileRef = CB4A4BA42B708DB100B62423 /* SceneDelegate.swift */; };
		CB4A4BA72B708DB100B62423 /* ViewController.swift in Sources */ = {isa = PBXBuildFile; fileRef = CB4A4BA62B708DB100B62423 /* ViewController.swift */; };
		CB4A4BAA2B708DB100B62423 /* Main.storyboard in Resources */ = {isa = PBXBuildFile; fileRef = CB4A4BA82B708DB100B62423 /* Main.storyboard */; };
		CB4A4BAD2B708DB100B62423 /* AutoLayoutLab4.xcdatamodeld in Sources */ = {isa = PBXBuildFile; fileRef = CB4A4BAB2B708DB100B62423 /* AutoLayoutLab4.xcdatamodeld */; };
		CB4A4BAF2B708DB200B62423 /* Assets.xcassets in Resources */ = {isa = PBXBuildFile; fileRef = CB4A4BAE2B708DB200B62423 /* Assets.xcassets */; };
		CB4A4BB22B708DB200B62423 /* LaunchScreen.storyboard in Resources */ = {isa = PBXBuildFile; fileRef = CB4A4BB02B708DB200B62423 /* LaunchScreen.storyboard */; };
		CB4A4BBD2B708DB200B62423 /* AutoLayoutLab4Tests.swift in Sources */ = {isa = PBXBuildFile; fileRef = CB4A4BBC2B708DB200B62423 /* AutoLayoutLab4Tests.swift */; };
		CB4A4BC72B708DB200B62423 /* AutoLayoutLab4UITests.swift in Sources */ = {isa = PBXBuildFile; fileRef = CB4A4BC62B708DB200B62423 /* AutoLayoutLab4UITests.swift */; };
		CB4A4BC92B708DB200B62423 /* AutoLayoutLab4UITestsLaunchTests.swift in Sources */ = {isa = PBXBuildFile; fileRef = CB4A4BC82B708DB200B62423 /* AutoLayoutLab4UITestsLaunchTests.swift */; };
/* End PBXBuildFile section */

/* Begin PBXContainerItemProxy section */
		CB4A4BB92B708DB200B62423 /* PBXContainerItemProxy */ = {
			isa = PBXContainerItemProxy;
			containerPortal = CB4A4B972B708DB100B62423 /* Project object */;
			proxyType = 1;
			remoteGlobalIDString = CB4A4B9E2B708DB100B62423;
			remoteInfo = AutoLayoutLab4;
		};
		CB4A4BC32B708DB200B62423 /* PBXContainerItemProxy */ = {
			isa = PBXContainerItemProxy;
			containerPortal = CB4A4B972B708DB100B62423 /* Project object */;
			proxyType = 1;
			remoteGlobalIDString = CB4A4B9E2B708DB100B62423;
			remoteInfo = AutoLayoutLab4;
		};
/* End PBXContainerItemProxy section */

/* Begin PBXFileReference section */
		CB4A4B9F2B708DB100B62423 /* AutoLayoutLab4.app */ = {isa = PBXFileReference; explicitFileType = wrapper.application; includeInIndex = 0; path = AutoLayoutLab4.app; sourceTree = BUILT_PRODUCTS_DIR; };
		CB4A4BA22B708DB100B62423 /* AppDelegate.swift */ = {isa = PBXFileReference; lastKnownFileType = sourcecode.swift; path = AppDelegate.swift; sourceTree = "<group>"; };
		CB4A4BA42B708DB100B62423 /* SceneDelegate.swift */ = {isa = PBXFileReference; lastKnownFileType = sourcecode.swift; path = SceneDelegate.swift; sourceTree = "<group>"; };
		CB4A4BA62B708DB100B62423 /* ViewController.swift */ = {isa = PBXFileReference; lastKnownFileType = sourcecode.swift; path = ViewController.swift; sourceTree = "<group>"; };
		CB4A4BA92B708DB100B62423 /* Base */ = {isa = PBXFileReference; lastKnownFileType = file.storyboard; name = Base; path = Base.lproj/Main.storyboard; sourceTree = "<group>"; };
		CB4A4BAC2B708DB100B62423 /* AutoLayoutLab4.xcdatamodel */ = {isa = PBXFileReference; lastKnownFileType = wrapper.xcdatamodel; path = AutoLayoutLab4.xcdatamodel; sourceTree = "<group>"; };
		CB4A4BAE2B708DB200B62423 /* Assets.xcassets */ = {isa = PBXFileReference; lastKnownFileType = folder.assetcatalog; path = Assets.xcassets; sourceTree = "<group>"; };
		CB4A4BB12B708DB200B62423 /* Base */ = {isa = PBXFileReference; lastKnownFileType = file.storyboard; name = Base; path = Base.lproj/LaunchScreen.storyboard; sourceTree = "<group>"; };
		CB4A4BB32B708DB200B62423 /* Info.plist */ = {isa = PBXFileReference; lastKnownFileType = text.plist.xml; path = Info.plist; sourceTree = "<group>"; };
		CB4A4BB82B708DB200B62423 /* AutoLayoutLab4Tests.xctest */ = {isa = PBXFileReference; explicitFileType = wrapper.cfbundle; includeInIndex = 0; path = AutoLayoutLab4Tests.xctest; sourceTree = BUILT_PRODUCTS_DIR; };
		CB4A4BBC2B708DB200B62423 /* AutoLayoutLab4Tests.swift */ = {isa = PBXFileReference; lastKnownFileType = sourcecode.swift; path = AutoLayoutLab4Tests.swift; sourceTree = "<group>"; };
		CB4A4BC22B708DB200B62423 /* AutoLayoutLab4UITests.xctest */ = {isa = PBXFileReference; explicitFileType = wrapper.cfbundle; includeInIndex = 0; path = AutoLayoutLab4UITests.xctest; sourceTree = BUILT_PRODUCTS_DIR; };
		CB4A4BC62B708DB200B62423 /* AutoLayoutLab4UITests.swift */ = {isa = PBXFileReference; lastKnownFileType = sourcecode.swift; path = AutoLayoutLab4UITests.swift; sourceTree = "<group>"; };
		CB4A4BC82B708DB200B62423 /* AutoLayoutLab4UITestsLaunchTests.swift */ = {isa = PBXFileReference; lastKnownFileType = sourcecode.swift; path = AutoLayoutLab4UITestsLaunchTests.swift; sourceTree = "<group>"; };
/* End PBXFileReference section */

/* Begin PBXFrameworksBuildPhase section */
		CB4A4B9C2B708DB100B62423 /* Frameworks */ = {
			isa = PBXFrameworksBuildPhase;
			buildActionMask = 2147483647;
			files = (
			);
			runOnlyForDeploymentPostprocessing = 0;
		};
		CB4A4BB52B708DB200B62423 /* Frameworks */ = {
			isa = PBXFrameworksBuildPhase;
			buildActionMask = 2147483647;
			files = (
			);
			runOnlyForDeploymentPostprocessing = 0;
		};
		CB4A4BBF2B708DB200B62423 /* Frameworks */ = {
			isa = PBXFrameworksBuildPhase;
			buildActionMask = 2147483647;
			files = (
			);
			runOnlyForDeploymentPostprocessing = 0;
		};
/* End PBXFrameworksBuildPhase section */

/* Begin PBXGroup section */
		CB4A4B962B708DB100B62423 = {
			isa = PBXGroup;
			children = (
				CB4A4BA12B708DB100B62423 /* AutoLayoutLab4 */,
				CB4A4BBB2B708DB200B62423 /* AutoLayoutLab4Tests */,
				CB4A4BC52B708DB200B62423 /* AutoLayoutLab4UITests */,
				CB4A4BA02B708DB100B62423 /* Products */,
			);
			sourceTree = "<group>";
		};
		CB4A4BA02B708DB100B62423 /* Products */ = {
			isa = PBXGroup;
			children = (
				CB4A4B9F2B708DB100B62423 /* AutoLayoutLab4.app */,
				CB4A4BB82B708DB200B62423 /* AutoLayoutLab4Tests.xctest */,
				CB4A4BC22B708DB200B62423 /* AutoLayoutLab4UITests.xctest */,
			);
			name = Products;
			sourceTree = "<group>";
		};
		CB4A4BA12B708DB100B62423 /* AutoLayoutLab4 */ = {
			isa = PBXGroup;
			children = (
				CB4A4BA22B708DB100B62423 /* AppDelegate.swift */,
				CB4A4BA42B708DB100B62423 /* SceneDelegate.swift */,
				CB4A4BA62B708DB100B62423 /* ViewController.swift */,
				CB4A4BA82B708DB100B62423 /* Main.storyboard */,
				CB4A4BAE2B708DB200B62423 /* Assets.xcassets */,
				CB4A4BB02B708DB200B62423 /* LaunchScreen.storyboard */,
				CB4A4BB32B708DB200B62423 /* Info.plist */,
				CB4A4BAB2B708DB100B62423 /* AutoLayoutLab4.xcdatamodeld */,
			);
			path = AutoLayoutLab4;
			sourceTree = "<group>";
		};
		CB4A4BBB2B708DB200B62423 /* AutoLayoutLab4Tests */ = {
			isa = PBXGroup;
			children = (
				CB4A4BBC2B708DB200B62423 /* AutoLayoutLab4Tests.swift */,
			);
			path = AutoLayoutLab4Tests;
			sourceTree = "<group>";
		};
		CB4A4BC52B708DB200B62423 /* AutoLayoutLab4UITests */ = {
			isa = PBXGroup;
			children = (
				CB4A4BC62B708DB200B62423 /* AutoLayoutLab4UITests.swift */,
				CB4A4BC82B708DB200B62423 /* AutoLayoutLab4UITestsLaunchTests.swift */,
			);
			path = AutoLayoutLab4UITests;
			sourceTree = "<group>";
		};
/* End PBXGroup section */

/* Begin PBXNativeTarget section */
		CB4A4B9E2B708DB100B62423 /* AutoLayoutLab4 */ = {
			isa = PBXNativeTarget;
			buildConfigurationList = CB4A4BCC2B708DB200B62423 /* Build configuration list for PBXNativeTarget "AutoLayoutLab4" */;
			buildPhases = (
				CB4A4B9B2B708DB100B62423 /* Sources */,
				CB4A4B9C2B708DB100B62423 /* Frameworks */,
				CB4A4B9D2B708DB100B62423 /* Resources */,
			);
			buildRules = (
			);
			dependencies = (
			);
			name = AutoLayoutLab4;
			productName = AutoLayoutLab4;
			productReference = CB4A4B9F2B708DB100B62423 /* AutoLayoutLab4.app */;
			productType = "com.apple.product-type.application";
		};
		CB4A4BB72B708DB200B62423 /* AutoLayoutLab4Tests */ = {
			isa = PBXNativeTarget;
			buildConfigurationList = CB4A4BCF2B708DB200B62423 /* Build configuration list for PBXNativeTarget "AutoLayoutLab4Tests" */;
			buildPhases = (
				CB4A4BB42B708DB200B62423 /* Sources */,
				CB4A4BB52B708DB200B62423 /* Frameworks */,
				CB4A4BB62B708DB200B62423 /* Resources */,
			);
			buildRules = (
			);
			dependencies = (
				CB4A4BBA2B708DB200B62423 /* PBXTargetDependency */,
			);
			name = AutoLayoutLab4Tests;
			productName = AutoLayoutLab4Tests;
			productReference = CB4A4BB82B708DB200B62423 /* AutoLayoutLab4Tests.xctest */;
			productType = "com.apple.product-type.bundle.unit-test";
		};
		CB4A4BC12B708DB200B62423 /* AutoLayoutLab4UITests */ = {
			isa = PBXNativeTarget;
			buildConfigurationList = CB4A4BD22B708DB200B62423 /* Build configuration list for PBXNativeTarget "AutoLayoutLab4UITests" */;
			buildPhases = (
				CB4A4BBE2B708DB200B62423 /* Sources */,
				CB4A4BBF2B708DB200B62423 /* Frameworks */,
				CB4A4BC02B708DB200B62423 /* Resources */,
			);
			buildRules = (
			);
			dependencies = (
				CB4A4BC42B708DB200B62423 /* PBXTargetDependency */,
			);
			name = AutoLayoutLab4UITests;
			productName = AutoLayoutLab4UITests;
			productReference = CB4A4BC22B708DB200B62423 /* AutoLayoutLab4UITests.xctest */;
			productType = "com.apple.product-type.bundle.ui-testing";
		};
/* End PBXNativeTarget section */

/* Begin PBXProject section */
		CB4A4B972B708DB100B62423 /* Project object */ = {
			isa = PBXProject;
			attributes = {
				BuildIndependentTargetsInParallel = 1;
				LastSwiftUpdateCheck = 1420;
				LastUpgradeCheck = 1420;
				TargetAttributes = {
					CB4A4B9E2B708DB100B62423 = {
						CreatedOnToolsVersion = 14.2;
					};
					CB4A4BB72B708DB200B62423 = {
						CreatedOnToolsVersion = 14.2;
						TestTargetID = CB4A4B9E2B708DB100B62423;
					};
					CB4A4BC12B708DB200B62423 = {
						CreatedOnToolsVersion = 14.2;
						TestTargetID = CB4A4B9E2B708DB100B62423;
					};
				};
			};
			buildConfigurationList = CB4A4B9A2B708DB100B62423 /* Build configuration list for PBXProject "AutoLayoutLab4" */;
			compatibilityVersion = "Xcode 14.0";
			developmentRegion = en;
			hasScannedForEncodings = 0;
			knownRegions = (
				en,
				Base,
			);
			mainGroup = CB4A4B962B708DB100B62423;
			productRefGroup = CB4A4BA02B708DB100B62423 /* Products */;
			projectDirPath = "";
			projectRoot = "";
			targets = (
				CB4A4B9E2B708DB100B62423 /* AutoLayoutLab4 */,
				CB4A4BB72B708DB200B62423 /* AutoLayoutLab4Tests */,
				CB4A4BC12B708DB200B62423 /* AutoLayoutLab4UITests */,
			);
		};
/* End PBXProject section */

/* Begin PBXResourcesBuildPhase section */
		CB4A4B9D2B708DB100B62423 /* Resources */ = {
			isa = PBXResourcesBuildPhase;
			buildActionMask = 2147483647;
			files = (
				CB4A4BB22B708DB200B62423 /* LaunchScreen.storyboard in Resources */,
				CB4A4BAF2B708DB200B62423 /* Assets.xcassets in Resources */,
				CB4A4BAA2B708DB100B62423 /* Main.storyboard in Resources */,
			);
			runOnlyForDeploymentPostprocessing = 0;
		};
		CB4A4BB62B708DB200B62423 /* Resources */ = {
			isa = PBXResourcesBuildPhase;
			buildActionMask = 2147483647;
			files = (
			);
			runOnlyForDeploymentPostprocessing = 0;
		};
		CB4A4BC02B708DB200B62423 /* Resources */ = {
			isa = PBXResourcesBuildPhase;
			buildActionMask = 2147483647;
			files = (
			);
			runOnlyForDeploymentPostprocessing = 0;
		};
/* End PBXResourcesBuildPhase section */

/* Begin PBXSourcesBuildPhase section */
		CB4A4B9B2B708DB100B62423 /* Sources */ = {
			isa = PBXSourcesBuildPhase;
			buildActionMask = 2147483647;
			files = (
				CB4A4BA72B708DB100B62423 /* ViewController.swift in Sources */,
				CB4A4BAD2B708DB100B62423 /* AutoLayoutLab4.xcdatamodeld in Sources */,
				CB4A4BA32B708DB100B62423 /* AppDelegate.swift in Sources */,
				CB4A4BA52B708DB100B62423 /* SceneDelegate.swift in Sources */,
			);
			runOnlyForDeploymentPostprocessing = 0;
		};
		CB4A4BB42B708DB200B62423 /* Sources */ = {
			isa = PBXSourcesBuildPhase;
			buildActionMask = 2147483647;
			files = (
				CB4A4BBD2B708DB200B62423 /* AutoLayoutLab4Tests.swift in Sources */,
			);
			runOnlyForDeploymentPostprocessing = 0;
		};
		CB4A4BBE2B708DB200B62423 /* Sources */ = {
			isa = PBXSourcesBuildPhase;
			buildActionMask = 2147483647;
			files = (
				CB4A4BC92B708DB200B62423 /* AutoLayoutLab4UITestsLaunchTests.swift in Sources */,
				CB4A4BC72B708DB200B62423 /* AutoLayoutLab4UITests.swift in Sources */,
			);
			runOnlyForDeploymentPostprocessing = 0;
		};
/* End PBXSourcesBuildPhase section */

/* Begin PBXTargetDependency section */
		CB4A4BBA2B708DB200B62423 /* PBXTargetDependency */ = {
			isa = PBXTargetDependency;
			target = CB4A4B9E2B708DB100B62423 /* AutoLayoutLab4 */;
			targetProxy = CB4A4BB92B708DB200B62423 /* PBXContainerItemProxy */;
		};
		CB4A4BC42B708DB200B62423 /* PBXTargetDependency */ = {
			isa = PBXTargetDependency;
			target = CB4A4B9E2B708DB100B62423 /* AutoLayoutLab4 */;
			targetProxy = CB4A4BC32B708DB200B62423 /* PBXContainerItemProxy */;
		};
/* End PBXTargetDependency section */

/* Begin PBXVariantGroup section */
		CB4A4BA82B708DB100B62423 /* Main.storyboard */ = {
			isa = PBXVariantGroup;
			children = (
				CB4A4BA92B708DB100B62423 /* Base */,
			);
			name = Main.storyboard;
			sourceTree = "<group>";
		};
		CB4A4BB02B708DB200B62423 /* LaunchScreen.storyboard */ = {
			isa = PBXVariantGroup;
			children = (
				CB4A4BB12B708DB200B62423 /* Base */,
			);
			name = LaunchScreen.storyboard;
			sourceTree = "<group>";
		};
/* End PBXVariantGroup section */

/* Begin XCBuildConfiguration section */
		CB4A4BCA2B708DB200B62423 /* Debug */ = {
			isa = XCBuildConfiguration;
			buildSettings = {
				ALWAYS_SEARCH_USER_PATHS = NO;
				CLANG_ANALYZER_NONNULL = YES;
				CLANG_ANALYZER_NUMBER_OBJECT_CONVERSION = YES_AGGRESSIVE;
				CLANG_CXX_LANGUAGE_STANDARD = "gnu++20";
				CLANG_ENABLE_MODULES = YES;
				CLANG_ENABLE_OBJC_ARC = YES;
				CLANG_ENABLE_OBJC_WEAK = YES;
				CLANG_WARN_BLOCK_CAPTURE_AUTORELEASING = YES;
				CLANG_WARN_BOOL_CONVERSION = YES;
				CLANG_WARN_COMMA = YES;
				CLANG_WARN_CONSTANT_CONVERSION = YES;
				CLANG_WARN_DEPRECATED_OBJC_IMPLEMENTATIONS = YES;
				CLANG_WARN_DIRECT_OBJC_ISA_USAGE = YES_ERROR;
				CLANG_WARN_DOCUMENTATION_COMMENTS = YES;
				CLANG_WARN_EMPTY_BODY = YES;
				CLANG_WARN_ENUM_CONVERSION = YES;
				CLANG_WARN_INFINITE_RECURSION = YES;
				CLANG_WARN_INT_CONVERSION = YES;
				CLANG_WARN_NON_LITERAL_NULL_CONVERSION = YES;
				CLANG_WARN_OBJC_IMPLICIT_RETAIN_SELF = YES;
				CLANG_WARN_OBJC_LITERAL_CONVERSION = YES;
				CLANG_WARN_OBJC_ROOT_CLASS = YES_ERROR;
				CLANG_WARN_QUOTED_INCLUDE_IN_FRAMEWORK_HEADER = YES;
				CLANG_WARN_RANGE_LOOP_ANALYSIS = YES;
				CLANG_WARN_STRICT_PROTOTYPES = YES;
				CLANG_WARN_SUSPICIOUS_MOVE = YES;
				CLANG_WARN_UNGUARDED_AVAILABILITY = YES_AGGRESSIVE;
				CLANG_WARN_UNREACHABLE_CODE = YES;
				CLANG_WARN__DUPLICATE_METHOD_MATCH = YES;
				COPY_PHASE_STRIP = NO;
				DEBUG_INFORMATION_FORMAT = dwarf;
				ENABLE_STRICT_OBJC_MSGSEND = YES;
				ENABLE_TESTABILITY = YES;
				GCC_C_LANGUAGE_STANDARD = gnu11;
				GCC_DYNAMIC_NO_PIC = NO;
				GCC_NO_COMMON_BLOCKS = YES;
				GCC_OPTIMIZATION_LEVEL = 0;
				GCC_PREPROCESSOR_DEFINITIONS = (
					"DEBUG=1",
					"$(inherited)",
				);
				GCC_WARN_64_TO_32_BIT_CONVERSION = YES;
				GCC_WARN_ABOUT_RETURN_TYPE = YES_ERROR;
				GCC_WARN_UNDECLARED_SELECTOR = YES;
				GCC_WARN_UNINITIALIZED_AUTOS = YES_AGGRESSIVE;
				GCC_WARN_UNUSED_FUNCTION = YES;
				GCC_WARN_UNUSED_VARIABLE = YES;
				IPHONEOS_DEPLOYMENT_TARGET = 16.2;
				MTL_ENABLE_DEBUG_INFO = INCLUDE_SOURCE;
				MTL_FAST_MATH = YES;
				ONLY_ACTIVE_ARCH = YES;
				SDKROOT = iphoneos;
				SWIFT_ACTIVE_COMPILATION_CONDITIONS = DEBUG;
				SWIFT_OPTIMIZATION_LEVEL = "-Onone";
			};
			name = Debug;
		};
		CB4A4BCB2B708DB200B62423 /* Release */ = {
			isa = XCBuildConfiguration;
			buildSettings = {
				ALWAYS_SEARCH_USER_PATHS = NO;
				CLANG_ANALYZER_NONNULL = YES;
				CLANG_ANALYZER_NUMBER_OBJECT_CONVERSION = YES_AGGRESSIVE;
				CLANG_CXX_LANGUAGE_STANDARD = "gnu++20";
				CLANG_ENABLE_MODULES = YES;
				CLANG_ENABLE_OBJC_ARC = YES;
				CLANG_ENABLE_OBJC_WEAK = YES;
				CLANG_WARN_BLOCK_CAPTURE_AUTORELEASING = YES;
				CLANG_WARN_BOOL_CONVERSION = YES;
				CLANG_WARN_COMMA = YES;
				CLANG_WARN_CONSTANT_CONVERSION = YES;
				CLANG_WARN_DEPRECATED_OBJC_IMPLEMENTATIONS = YES;
				CLANG_WARN_DIRECT_OBJC_ISA_USAGE = YES_ERROR;
				CLANG_WARN_DOCUMENTATION_COMMENTS = YES;
				CLANG_WARN_EMPTY_BODY = YES;
				CLANG_WARN_ENUM_CONVERSION = YES;
				CLANG_WARN_INFINITE_RECURSION = YES;
				CLANG_WARN_INT_CONVERSION = YES;
				CLANG_WARN_NON_LITERAL_NULL_CONVERSION = YES;
				CLANG_WARN_OBJC_IMPLICIT_RETAIN_SELF = YES;
				CLANG_WARN_OBJC_LITERAL_CONVERSION = YES;
				CLANG_WARN_OBJC_ROOT_CLASS = YES_ERROR;
				CLANG_WARN_QUOTED_INCLUDE_IN_FRAMEWORK_HEADER = YES;
				CLANG_WARN_RANGE_LOOP_ANALYSIS = YES;
				CLANG_WARN_STRICT_PROTOTYPES = YES;
				CLANG_WARN_SUSPICIOUS_MOVE = YES;
				CLANG_WARN_UNGUARDED_AVAILABILITY = YES_AGGRESSIVE;
				CLANG_WARN_UNREACHABLE_CODE = YES;
				CLANG_WARN__DUPLICATE_METHOD_MATCH = YES;
				COPY_PHASE_STRIP = NO;
				DEBUG_INFORMATION_FORMAT = "dwarf-with-dsym";
				ENABLE_NS_ASSERTIONS = NO;
				ENABLE_STRICT_OBJC_MSGSEND = YES;
				GCC_C_LANGUAGE_STANDARD = gnu11;
				GCC_NO_COMMON_BLOCKS = YES;
				GCC_WARN_64_TO_32_BIT_CONVERSION = YES;
				GCC_WARN_ABOUT_RETURN_TYPE = YES_ERROR;
				GCC_WARN_UNDECLARED_SELECTOR = YES;
				GCC_WARN_UNINITIALIZED_AUTOS = YES_AGGRESSIVE;
				GCC_WARN_UNUSED_FUNCTION = YES;
				GCC_WARN_UNUSED_VARIABLE = YES;
				IPHONEOS_DEPLOYMENT_TARGET = 16.2;
				MTL_ENABLE_DEBUG_INFO = NO;
				MTL_FAST_MATH = YES;
				SDKROOT = iphoneos;
				SWIFT_COMPILATION_MODE = wholemodule;
				SWIFT_OPTIMIZATION_LEVEL = "-O";
				VALIDATE_PRODUCT = YES;
			};
			name = Release;
		};
		CB4A4BCD2B708DB200B62423 /* Debug */ = {
			isa = XCBuildConfiguration;
			buildSettings = {
				ASSETCATALOG_COMPILER_APPICON_NAME = AppIcon;
				ASSETCATALOG_COMPILER_GLOBAL_ACCENT_COLOR_NAME = AccentColor;
				CODE_SIGN_STYLE = Automatic;
				CURRENT_PROJECT_VERSION = 1;
				GENERATE_INFOPLIST_FILE = YES;
				INFOPLIST_FILE = AutoLayoutLab4/Info.plist;
				INFOPLIST_KEY_UIApplicationSupportsIndirectInputEvents = YES;
				INFOPLIST_KEY_UILaunchStoryboardName = LaunchScreen;
				INFOPLIST_KEY_UIMainStoryboardFile = Main;
				INFOPLIST_KEY_UISupportedInterfaceOrientations_iPad = "UIInterfaceOrientationPortrait UIInterfaceOrientationPortraitUpsideDown UIInterfaceOrientationLandscapeLeft UIInterfaceOrientationLandscapeRight";
				INFOPLIST_KEY_UISupportedInterfaceOrientations_iPhone = "UIInterfaceOrientationPortrait UIInterfaceOrientationLandscapeLeft UIInterfaceOrientationLandscapeRight";
				LD_RUNPATH_SEARCH_PATHS = (
					"$(inherited)",
					"@executable_path/Frameworks",
				);
				MARKETING_VERSION = 1.0;
				PRODUCT_BUNDLE_IDENTIFIER = com.conestoga.AutoLayoutLab4;
				PRODUCT_NAME = "$(TARGET_NAME)";
				SWIFT_EMIT_LOC_STRINGS = YES;
				SWIFT_VERSION = 5.0;
				TARGETED_DEVICE_FAMILY = "1,2";
			};
			name = Debug;
		};
		CB4A4BCE2B708DB200B62423 /* Release */ = {
			isa = XCBuildConfiguration;
			buildSettings = {
				ASSETCATALOG_COMPILER_APPICON_NAME = AppIcon;
				ASSETCATALOG_COMPILER_GLOBAL_ACCENT_COLOR_NAME = AccentColor;
				CODE_SIGN_STYLE = Automatic;
				CURRENT_PROJECT_VERSION = 1;
				GENERATE_INFOPLIST_FILE = YES;
				INFOPLIST_FILE = AutoLayoutLab4/Info.plist;
				INFOPLIST_KEY_UIApplicationSupportsIndirectInputEvents = YES;
				INFOPLIST_KEY_UILaunchStoryboardName = LaunchScreen;
				INFOPLIST_KEY_UIMainStoryboardFile = Main;
				INFOPLIST_KEY_UISupportedInterfaceOrientations_iPad = "UIInterfaceOrientationPortrait UIInterfaceOrientationPortraitUpsideDown UIInterfaceOrientationLandscapeLeft UIInterfaceOrientationLandscapeRight";
				INFOPLIST_KEY_UISupportedInterfaceOrientations_iPhone = "UIInterfaceOrientationPortrait UIInterfaceOrientationLandscapeLeft UIInterfaceOrientationLandscapeRight";
				LD_RUNPATH_SEARCH_PATHS = (
					"$(inherited)",
					"@executable_path/Frameworks",
				);
				MARKETING_VERSION = 1.0;
				PRODUCT_BUNDLE_IDENTIFIER = com.conestoga.AutoLayoutLab4;
				PRODUCT_NAME = "$(TARGET_NAME)";
				SWIFT_EMIT_LOC_STRINGS = YES;
				SWIFT_VERSION = 5.0;
				TARGETED_DEVICE_FAMILY = "1,2";
			};
			name = Release;
		};
		CB4A4BD02B708DB200B62423 /* Debug */ = {
			isa = XCBuildConfiguration;
			buildSettings = {
				ALWAYS_EMBED_SWIFT_STANDARD_LIBRARIES = YES;
				BUNDLE_LOADER = "$(TEST_HOST)";
				CODE_SIGN_STYLE = Automatic;
				CURRENT_PROJECT_VERSION = 1;
				GENERATE_INFOPLIST_FILE = YES;
				IPHONEOS_DEPLOYMENT_TARGET = 16.2;
				MARKETING_VERSION = 1.0;
				PRODUCT_BUNDLE_IDENTIFIER = com.conestoga.AutoLayoutLab4Tests;
				PRODUCT_NAME = "$(TARGET_NAME)";
				SWIFT_EMIT_LOC_STRINGS = NO;
				SWIFT_VERSION = 5.0;
				TARGETED_DEVICE_FAMILY = "1,2";
				TEST_HOST = "$(BUILT_PRODUCTS_DIR)/AutoLayoutLab4.app/$(BUNDLE_EXECUTABLE_FOLDER_PATH)/AutoLayoutLab4";
			};
			name = Debug;
		};
		CB4A4BD12B708DB200B62423 /* Release */ = {
			isa = XCBuildConfiguration;
			buildSettings = {
				ALWAYS_EMBED_SWIFT_STANDARD_LIBRARIES = YES;
				BUNDLE_LOADER = "$(TEST_HOST)";
				CODE_SIGN_STYLE = Automatic;
				CURRENT_PROJECT_VERSION = 1;
				GENERATE_INFOPLIST_FILE = YES;
				IPHONEOS_DEPLOYMENT_TARGET = 16.2;
				MARKETING_VERSION = 1.0;
				PRODUCT_BUNDLE_IDENTIFIER = com.conestoga.AutoLayoutLab4Tests;
				PRODUCT_NAME = "$(TARGET_NAME)";
				SWIFT_EMIT_LOC_STRINGS = NO;
				SWIFT_VERSION = 5.0;
				TARGETED_DEVICE_FAMILY = "1,2";
				TEST_HOST = "$(BUILT_PRODUCTS_DIR)/AutoLayoutLab4.app/$(BUNDLE_EXECUTABLE_FOLDER_PATH)/AutoLayoutLab4";
			};
			name = Release;
		};
		CB4A4BD32B708DB200B62423 /* Debug */ = {
			isa = XCBuildConfiguration;
			buildSettings = {
				ALWAYS_EMBED_SWIFT_STANDARD_LIBRARIES = YES;
				CODE_SIGN_STYLE = Automatic;
				CURRENT_PROJECT_VERSION = 1;
				GENERATE_INFOPLIST_FILE = YES;
				MARKETING_VERSION = 1.0;
				PRODUCT_BUNDLE_IDENTIFIER = com.conestoga.AutoLayoutLab4UITests;
				PRODUCT_NAME = "$(TARGET_NAME)";
				SWIFT_EMIT_LOC_STRINGS = NO;
				SWIFT_VERSION = 5.0;
				TARGETED_DEVICE_FAMILY = "1,2";
				TEST_TARGET_NAME = AutoLayoutLab4;
			};
			name = Debug;
		};
		CB4A4BD42B708DB200B62423 /* Release */ = {
			isa = XCBuildConfiguration;
			buildSettings = {
				ALWAYS_EMBED_SWIFT_STANDARD_LIBRARIES = YES;
				CODE_SIGN_STYLE = Automatic;
				CURRENT_PROJECT_VERSION = 1;
				GENERATE_INFOPLIST_FILE = YES;
				MARKETING_VERSION = 1.0;
				PRODUCT_BUNDLE_IDENTIFIER = com.conestoga.AutoLayoutLab4UITests;
				PRODUCT_NAME = "$(TARGET_NAME)";
				SWIFT_EMIT_LOC_STRINGS = NO;
				SWIFT_VERSION = 5.0;
				TARGETED_DEVICE_FAMILY = "1,2";
				TEST_TARGET_NAME = AutoLayoutLab4;
			};
			name = Release;
		};
/* End XCBuildConfiguration section */

/* Begin XCConfigurationList section */
		CB4A4B9A2B708DB100B62423 /* Build configuration list for PBXProject "AutoLayoutLab4" */ = {
			isa = XCConfigurationList;
			buildConfigurations = (
				CB4A4BCA2B708DB200B62423 /* Debug */,
				CB4A4BCB2B708DB200B62423 /* Release */,
			);
			defaultConfigurationIsVisible = 0;
			defaultConfigurationName = Release;
		};
		CB4A4BCC2B708DB200B62423 /* Build configuration list for PBXNativeTarget "AutoLayoutLab4" */ = {
			isa = XCConfigurationList;
			buildConfigurations = (
				CB4A4BCD2B708DB200B62423 /* Debug */,
				CB4A4BCE2B708DB200B62423 /* Release */,
			);
			defaultConfigurationIsVisible = 0;
			defaultConfigurationName = Release;
		};
		CB4A4BCF2B708DB200B62423 /* Build configuration list for PBXNativeTarget "AutoLayoutLab4Tests" */ = {
			isa = XCConfigurationList;
			buildConfigurations = (
				CB4A4BD02B708DB200B62423 /* Debug */,
				CB4A4BD12B708DB200B62423 /* Release */,
			);
			defaultConfigurationIsVisible = 0;
			defaultConfigurationName = Release;
		};
		CB4A4BD22B708DB200B62423 /* Build configuration list for PBXNativeTarget "AutoLayoutLab4UITests" */ = {
			isa = XCConfigurationList;
			buildConfigurations = (
				CB4A4BD32B708DB200B62423 /* Debug */,
				CB4A4BD42B708DB200B62423 /* Release */,
			);
			defaultConfigurationIsVisible = 0;
			defaultConfigurationName = Release;
		};
/* End XCConfigurationList section */

/* Begin XCVersionGroup section */
		CB4A4BAB2B708DB100B62423 /* AutoLayoutLab4.xcdatamodeld */ = {
			isa = XCVersionGroup;
			children = (
				CB4A4BAC2B708DB100B62423 /* AutoLayoutLab4.xcdatamodel */,
			);
			currentVersion = CB4A4BAC2B708DB100B62423 /* AutoLayoutLab4.xcdatamodel */;
			path = AutoLayoutLab4.xcdatamodeld;
			sourceTree = "<group>";
			versionGroupType = wrapper.xcdatamodel;
		};
/* End XCVersionGroup section */
	};
	rootObject = CB4A4B972B708DB100B62423 /* Project object */;
}
